
Microsoft Visual Studio Solution File, Format Version 12.00
# Visual Studio Version 17
VisualStudioVersion = 17.9.34701.34
MinimumVisualStudioVersion = 10.0.40219.1
Project("{8BC9CEB8-8B4A-11D0-8D11-00A0C91BC942}") = "ImageHelper", "ImageHelper\ImageHelper.vcxproj", "{91174B1C-4D2E-48E7-9894-5382D8D4DC71}"
EndProject
Project("{8BC9CEB8-8B4A-11D0-8D11-00A0C91BC942}") = "SimpleMatrix", "SimpleMatrix\SimpleMatrix.vcxproj", "{46560815-969A-4EB8-9146-B9501786C1F3}"
EndProject
Project("{8BC9CEB8-8B4A-11D0-8D11-00A0C91BC942}") = "CalculateImageCovar", "CalculateImageCovar\CalculateImageCovar.vcxproj", "{8A02F280-A879-476A-B592-133B91018CEE}"
EndProject
Project("{8BC9CEB8-8B4A-11D0-8D11-00A0C91BC942}") = "FitCovarianceModel", "FitCovarianceModel\FitCovarianceModel.vcxproj", "{61B343D7-CE31-42E5-AFC7-A9C97409C1ED}"
EndProject
Project("{8BC9CEB8-8B4A-11D0-8D11-00A0C91BC942}") = "OrthogonalMatchingPursuit", "OrthogonalMatchingPursuit\OrthogonalMatchingPursuit.vcxproj", "{B9845096-DAF0-4B42-AA00-489153EB7C32}"
EndProject
Project("{8BC9CEB8-8B4A-11D0-8D11-00A0C91BC942}") = "Segmentation", "Segmentation\Segmentation.vcxproj", "{EE2510D3-804E-4A3A-B89D-2BEF0B475A6C}"
EndProject
Global
	GlobalSection(SolutionConfigurationPlatforms) = preSolution
		Debug|x64 = Debug|x64
		Debug|x86 = Debug|x86
		Release|x64 = Release|x64
		Release|x86 = Release|x86
	EndGlobalSection
	GlobalSection(ProjectConfigurationPlatforms) = postSolution
		{91174B1C-4D2E-48E7-9894-5382D8D4DC71}.Debug|x64.ActiveCfg = Debug|x64
		{91174B1C-4D2E-48E7-9894-5382D8D4DC71}.Debug|x64.Build.0 = Debug|x64
		{91174B1C-4D2E-48E7-9894-5382D8D4DC71}.Debug|x86.ActiveCfg = Debug|Win32
		{91174B1C-4D2E-48E7-9894-5382D8D4DC71}.Debug|x86.Build.0 = Debug|Win32
		{91174B1C-4D2E-48E7-9894-5382D8D4DC71}.Release|x64.ActiveCfg = Release|x64
		{91174B1C-4D2E-48E7-9894-5382D8D4DC71}.Release|x64.Build.0 = Release|x64
		{91174B1C-4D2E-48E7-9894-5382D8D4DC71}.Release|x86.ActiveCfg = Release|Win32
		{91174B1C-4D2E-48E7-9894-5382D8D4DC71}.Release|x86.Build.0 = Release|Win32
		{46560815-969A-4EB8-9146-B9501786C1F3}.Debug|x64.ActiveCfg = Debug|x64
		{46560815-969A-4EB8-9146-B9501786C1F3}.Debug|x64.Build.0 = Debug|x64
		{46560815-969A-4EB8-9146-B9501786C1F3}.Debug|x86.ActiveCfg = Debug|Win32
		{46560815-969A-4EB8-9146-B9501786C1F3}.Debug|x86.Build.0 = Debug|Win32
		{46560815-969A-4EB8-9146-B9501786C1F3}.Release|x64.ActiveCfg = Release|x64
		{46560815-969A-4EB8-9146-B9501786C1F3}.Release|x64.Build.0 = Release|x64
		{46560815-969A-4EB8-9146-B9501786C1F3}.Release|x86.ActiveCfg = Release|Win32
		{46560815-969A-4EB8-9146-B9501786C1F3}.Release|x86.Build.0 = Release|Win32
		{8A02F280-A879-476A-B592-133B91018CEE}.Debug|x64.ActiveCfg = Debug|x64
		{8A02F280-A879-476A-B592-133B91018CEE}.Debug|x64.Build.0 = Debug|x64
		{8A02F280-A879-476A-B592-133B91018CEE}.Debug|x86.ActiveCfg = Debug|Win32
		{8A02F280-A879-476A-B592-133B91018CEE}.Debug|x86.Build.0 = Debug|Win32
		{8A02F280-A879-476A-B592-133B91018CEE}.Release|x64.ActiveCfg = Release|x64
		{8A02F280-A879-476A-B592-133B91018CEE}.Release|x64.Build.0 = Release|x64
		{8A02F280-A879-476A-B592-133B91018CEE}.Release|x86.ActiveCfg = Release|Win32
		{8A02F280-A879-476A-B592-133B91018CEE}.Release|x86.Build.0 = Release|Win32
		{61B343D7-CE31-42E5-AFC7-A9C97409C1ED}.Debug|x64.ActiveCfg = Debug|x64
		{61B343D7-CE31-42E5-AFC7-A9C97409C1ED}.Debug|x64.Build.0 = Debug|x64
		{61B343D7-CE31-42E5-AFC7-A9C97409C1ED}.Debug|x86.ActiveCfg = Debug|Win32
		{61B343D7-CE31-42E5-AFC7-A9C97409C1ED}.Debug|x86.Build.0 = Debug|Win32
		{61B343D7-CE31-42E5-AFC7-A9C97409C1ED}.Release|x64.ActiveCfg = Release|x64
		{61B343D7-CE31-42E5-AFC7-A9C97409C1ED}.Release|x64.Build.0 = Release|x64
		{61B343D7-CE31-42E5-AFC7-A9C97409C1ED}.Release|x86.ActiveCfg = Release|Win32
		{61B343D7-CE31-42E5-AFC7-A9C97409C1ED}.Release|x86.Build.0 = Release|Win32
		{B9845096-DAF0-4B42-AA00-489153EB7C32}.Debug|x64.ActiveCfg = Debug|x64
		{B9845096-DAF0-4B42-AA00-489153EB7C32}.Debug|x64.Build.0 = Debug|x64
		{B9845096-DAF0-4B42-AA00-489153EB7C32}.Debug|x86.ActiveCfg = Debug|Win32
		{B9845096-DAF0-4B42-AA00-489153EB7C32}.Debug|x86.Build.0 = Debug|Win32
		{B9845096-DAF0-4B42-AA00-489153EB7C32}.Release|x64.ActiveCfg = Release|x64
		{B9845096-DAF0-4B42-AA00-489153EB7C32}.Release|x64.Build.0 = Release|x64
		{B9845096-DAF0-4B42-AA00-489153EB7C32}.Release|x86.ActiveCfg = Release|Win32
		{B9845096-DAF0-4B42-AA00-489153EB7C32}.Release|x86.Build.0 = Release|Win32
		{EE2510D3-804E-4A3A-B89D-2BEF0B475A6C}.Debug|x64.ActiveCfg = Debug|x64
		{EE2510D3-804E-4A3A-B89D-2BEF0B475A6C}.Debug|x64.Build.0 = Debug|x64
		{EE2510D3-804E-4A3A-B89D-2BEF0B475A6C}.Debug|x86.ActiveCfg = Debug|Win32
		{EE2510D3-804E-4A3A-B89D-2BEF0B475A6C}.Debug|x86.Build.0 = Debug|Win32
		{EE2510D3-804E-4A3A-B89D-2BEF0B475A6C}.Release|x64.ActiveCfg = Release|x64
		{EE2510D3-804E-4A3A-B89D-2BEF0B475A6C}.Release|x64.Build.0 = Release|x64
		{EE2510D3-804E-4A3A-B89D-2BEF0B475A6C}.Release|x86.ActiveCfg = Release|Win32
		{EE2510D3-804E-4A3A-B89D-2BEF0B475A6C}.Release|x86.Build.0 = Release|Win32
	EndGlobalSection
	GlobalSection(SolutionProperties) = preSolution
		HideSolutionNode = FALSE
	EndGlobalSection
	GlobalSection(ExtensibilityGlobals) = postSolution
		SolutionGuid = {E56C71C7-7618-4247-BF27-615979F29B22}
	EndGlobalSection
EndGlobal
